
Microsoft Visual Studio Solution File, Format Version 12.00
# Visual Studio Version 17
VisualStudioVersion = 17.3.32929.385
MinimumVisualStudioVersion = 10.0.40219.1
Project("{FAE04EC0-301F-11D3-BF4B-00C04F79EFBC}") = "Oficina", "Oficina\Oficina.csproj", "{ABB2BD87-EE44-4F74-BD91-2018D87EAED5}"
EndProject
Project("{FAE04EC0-301F-11D3-BF4B-00C04F79EFBC}") = "Model", "Model\Model.csproj", "{8862B997-A264-4AE7-BCBB-5668A4044BF9}"
EndProject
Global
	GlobalSection(SolutionConfigurationPlatforms) = preSolution
		Debug|Any CPU = Debug|Any CPU
		Release|Any CPU = Release|Any CPU
	EndGlobalSection
	GlobalSection(ProjectConfigurationPlatforms) = postSolution
		{ABB2BD87-EE44-4F74-BD91-2018D87EAED5}.Debug|Any CPU.ActiveCfg = Debug|Any CPU
		{ABB2BD87-EE44-4F74-BD91-2018D87EAED5}.Debug|Any CPU.Build.0 = Debug|Any CPU
		{ABB2BD87-EE44-4F74-BD91-2018D87EAED5}.Release|Any CPU.ActiveCfg = Release|Any CPU
		{ABB2BD87-EE44-4F74-BD91-2018D87EAED5}.Release|Any CPU.Build.0 = Release|Any CPU
		{8862B997-A264-4AE7-BCBB-5668A4044BF9}.Debug|Any CPU.ActiveCfg = Debug|Any CPU
		{8862B997-A264-4AE7-BCBB-5668A4044BF9}.Debug|Any CPU.Build.0 = Debug|Any CPU
		{8862B997-A264-4AE7-BCBB-5668A4044BF9}.Release|Any CPU.ActiveCfg = Release|Any CPU
		{8862B997-A264-4AE7-BCBB-5668A4044BF9}.Release|Any CPU.Build.0 = Release|Any CPU
	EndGlobalSection
	GlobalSection(SolutionProperties) = preSolution
		HideSolutionNode = FALSE
	EndGlobalSection
	GlobalSection(ExtensibilityGlobals) = postSolution
		SolutionGuid = {33D1C082-67A7-4FBE-A578-94FCFA4411E6}
	EndGlobalSection
EndGlobal
